// !$*UTF8*$!
{
	archiveVersion = 1;
	classes = {
	};
	objectVersion = 46;
	objects = {

/* Begin PBXBuildFile section */
		F6AA02581EB1C7A000FA9D09 /* AppDelegate.swift in Sources */ = {isa = PBXBuildFile; fileRef = F6AA02571EB1C7A000FA9D09 /* AppDelegate.swift */; };
		F6AA025A1EB1C7A000FA9D09 /* ViewController.swift in Sources */ = {isa = PBXBuildFile; fileRef = F6AA02591EB1C7A000FA9D09 /* ViewController.swift */; };
		F6AA025D1EB1C7A000FA9D09 /* Main.storyboard in Resources */ = {isa = PBXBuildFile; fileRef = F6AA025B1EB1C7A000FA9D09 /* Main.storyboard */; };
		F6AA025F1EB1C7A000FA9D09 /* Images.xcassets in Resources */ = {isa = PBXBuildFile; fileRef = F6AA025E1EB1C7A000FA9D09 /* Images.xcassets */; };
		F6AA02621EB1C7A000FA9D09 /* LaunchScreen.storyboard in Resources */ = {isa = PBXBuildFile; fileRef = F6AA02601EB1C7A000FA9D09 /* LaunchScreen.storyboard */; };
		F6AA026D1EB1C7A000FA9D09 /* Collection_View_Flow_LayoutTests.swift in Sources */ = {isa = PBXBuildFile; fileRef = F6AA026C1EB1C7A000FA9D09 /* Collection_View_Flow_LayoutTests.swift */; };
		F6AA02781EB1C7A000FA9D09 /* Collection_View_Flow_LayoutUITests.swift in Sources */ = {isa = PBXBuildFile; fileRef = F6AA02771EB1C7A000FA9D09 /* Collection_View_Flow_LayoutUITests.swift */; };
		F6AA02861EB1C8ED00FA9D09 /* GalleryItemCommentView.swift in Sources */ = {isa = PBXBuildFile; fileRef = F6AA02851EB1C8ED00FA9D09 /* GalleryItemCommentView.swift */; };
		F6AA02881EB1C99D00FA9D09 /* GalleryItemCollectionViewCell.swift in Sources */ = {isa = PBXBuildFile; fileRef = F6AA02871EB1C99D00FA9D09 /* GalleryItemCollectionViewCell.swift */; };
		F6AA028A1EB1CBE600FA9D09 /* GalleryItem.swift in Sources */ = {isa = PBXBuildFile; fileRef = F6AA02891EB1CBE600FA9D09 /* GalleryItem.swift */; };
		F6AA028C1EB1D1DC00FA9D09 /* items.plist in Resources */ = {isa = PBXBuildFile; fileRef = F6AA028B1EB1D1DC00FA9D09 /* items.plist */; };
/* End PBXBuildFile section */

/* Begin PBXContainerItemProxy section */
		F6AA02691EB1C7A000FA9D09 /* PBXContainerItemProxy */ = {
			isa = PBXContainerItemProxy;
			containerPortal = F6AA024C1EB1C79F00FA9D09 /* Project object */;
			proxyType = 1;
			remoteGlobalIDString = F6AA02531EB1C7A000FA9D09;
			remoteInfo = "Collection View Flow Layout";
		};
		F6AA02741EB1C7A000FA9D09 /* PBXContainerItemProxy */ = {
			isa = PBXContainerItemProxy;
			containerPortal = F6AA024C1EB1C79F00FA9D09 /* Project object */;
			proxyType = 1;
			remoteGlobalIDString = F6AA02531EB1C7A000FA9D09;
			remoteInfo = "Collection View Flow Layout";
		};
/* End PBXContainerItemProxy section */

/* Begin PBXFileReference section */
		F6AA02541EB1C7A000FA9D09 /* Collection View Flow Layout.app */ = {isa = PBXFileReference; explicitFileType = wrapper.application; includeInIndex = 0; path = "Collection View Flow Layout.app"; sourceTree = BUILT_PRODUCTS_DIR; };
		F6AA02571EB1C7A000FA9D09 /* AppDelegate.swift */ = {isa = PBXFileReference; lastKnownFileType = sourcecode.swift; path = AppDelegate.swift; sourceTree = "<group>"; };
		F6AA02591EB1C7A000FA9D09 /* ViewController.swift */ = {isa = PBXFileReference; lastKnownFileType = sourcecode.swift; path = ViewController.swift; sourceTree = "<group>"; };
		F6AA025C1EB1C7A000FA9D09 /* Base */ = {isa = PBXFileReference; lastKnownFileType = file.storyboard; name = Base; path = Base.lproj/Main.storyboard; sourceTree = "<group>"; };
		F6AA025E1EB1C7A000FA9D09 /* Images.xcassets */ = {isa = PBXFileReference; lastKnownFileType = folder.assetcatalog; path = Images.xcassets; sourceTree = "<group>"; };
		F6AA02611EB1C7A000FA9D09 /* Base */ = {isa = PBXFileReference; lastKnownFileType = file.storyboard; name = Base; path = Base.lproj/LaunchScreen.storyboard; sourceTree = "<group>"; };
		F6AA02631EB1C7A000FA9D09 /* Info.plist */ = {isa = PBXFileReference; lastKnownFileType = text.plist.xml; path = Info.plist; sourceTree = "<group>"; };
		F6AA02681EB1C7A000FA9D09 /* Collection View Flow LayoutTests.xctest */ = {isa = PBXFileReference; explicitFileType = wrapper.cfbundle; includeInIndex = 0; path = "Collection View Flow LayoutTests.xctest"; sourceTree = BUILT_PRODUCTS_DIR; };
		F6AA026C1EB1C7A000FA9D09 /* Collection_View_Flow_LayoutTests.swift */ = {isa = PBXFileReference; lastKnownFileType = sourcecode.swift; path = Collection_View_Flow_LayoutTests.swift; sourceTree = "<group>"; };
		F6AA026E1EB1C7A000FA9D09 /* Info.plist */ = {isa = PBXFileReference; lastKnownFileType = text.plist.xml; path = Info.plist; sourceTree = "<group>"; };
		F6AA02731EB1C7A000FA9D09 /* Collection View Flow LayoutUITests.xctest */ = {isa = PBXFileReference; explicitFileType = wrapper.cfbundle; includeInIndex = 0; path = "Collection View Flow LayoutUITests.xctest"; sourceTree = BUILT_PRODUCTS_DIR; };
		F6AA02771EB1C7A000FA9D09 /* Collection_View_Flow_LayoutUITests.swift */ = {isa = PBXFileReference; lastKnownFileType = sourcecode.swift; path = Collection_View_Flow_LayoutUITests.swift; sourceTree = "<group>"; };
		F6AA02791EB1C7A000FA9D09 /* Info.plist */ = {isa = PBXFileReference; lastKnownFileType = text.plist.xml; path = Info.plist; sourceTree = "<group>"; };
		F6AA02851EB1C8ED00FA9D09 /* GalleryItemCommentView.swift */ = {isa = PBXFileReference; fileEncoding = 4; lastKnownFileType = sourcecode.swift; path = GalleryItemCommentView.swift; sourceTree = "<group>"; };
		F6AA02871EB1C99D00FA9D09 /* GalleryItemCollectionViewCell.swift */ = {isa = PBXFileReference; fileEncoding = 4; lastKnownFileType = sourcecode.swift; path = GalleryItemCollectionViewCell.swift; sourceTree = "<group>"; };
		F6AA02891EB1CBE600FA9D09 /* GalleryItem.swift */ = {isa = PBXFileReference; fileEncoding = 4; lastKnownFileType = sourcecode.swift; path = GalleryItem.swift; sourceTree = "<group>"; };
		F6AA028B1EB1D1DC00FA9D09 /* items.plist */ = {isa = PBXFileReference; fileEncoding = 4; lastKnownFileType = text.plist.xml; path = items.plist; sourceTree = "<group>"; };
/* End PBXFileReference section */

/* Begin PBXFrameworksBuildPhase section */
		F6AA02511EB1C7A000FA9D09 /* Frameworks */ = {
			isa = PBXFrameworksBuildPhase;
			buildActionMask = 2147483647;
			files = (
			);
			runOnlyForDeploymentPostprocessing = 0;
		};
		F6AA02651EB1C7A000FA9D09 /* Frameworks */ = {
			isa = PBXFrameworksBuildPhase;
			buildActionMask = 2147483647;
			files = (
			);
			runOnlyForDeploymentPostprocessing = 0;
		};
		F6AA02701EB1C7A000FA9D09 /* Frameworks */ = {
			isa = PBXFrameworksBuildPhase;
			buildActionMask = 2147483647;
			files = (
			);
			runOnlyForDeploymentPostprocessing = 0;
		};
/* End PBXFrameworksBuildPhase section */

/* Begin PBXGroup section */
		F6AA024B1EB1C79F00FA9D09 = {
			isa = PBXGroup;
			children = (
				F6AA02561EB1C7A000FA9D09 /* Collection View Flow Layout */,
				F6AA026B1EB1C7A000FA9D09 /* Collection View Flow LayoutTests */,
				F6AA02761EB1C7A000FA9D09 /* Collection View Flow LayoutUITests */,
				F6AA02551EB1C7A000FA9D09 /* Products */,
			);
			sourceTree = "<group>";
		};
		F6AA02551EB1C7A000FA9D09 /* Products */ = {
			isa = PBXGroup;
			children = (
				F6AA02541EB1C7A000FA9D09 /* Collection View Flow Layout.app */,
				F6AA02681EB1C7A000FA9D09 /* Collection View Flow LayoutTests.xctest */,
				F6AA02731EB1C7A000FA9D09 /* Collection View Flow LayoutUITests.xctest */,
			);
			name = Products;
			sourceTree = "<group>";
		};
		F6AA02561EB1C7A000FA9D09 /* Collection View Flow Layout */ = {
			isa = PBXGroup;
			children = (
				F6AA02571EB1C7A000FA9D09 /* AppDelegate.swift */,
				F6AA02591EB1C7A000FA9D09 /* ViewController.swift */,
				F6AA025B1EB1C7A000FA9D09 /* Main.storyboard */,
				F6AA025E1EB1C7A000FA9D09 /* Images.xcassets */,
				F6AA02601EB1C7A000FA9D09 /* LaunchScreen.storyboard */,
				F6AA02631EB1C7A000FA9D09 /* Info.plist */,
				F6AA028B1EB1D1DC00FA9D09 /* items.plist */,
				F6AA02851EB1C8ED00FA9D09 /* GalleryItemCommentView.swift */,
				F6AA02871EB1C99D00FA9D09 /* GalleryItemCollectionViewCell.swift */,
				F6AA02891EB1CBE600FA9D09 /* GalleryItem.swift */,
			);
			path = "Collection View Flow Layout";
			sourceTree = "<group>";
		};
		F6AA026B1EB1C7A000FA9D09 /* Collection View Flow LayoutTests */ = {
			isa = PBXGroup;
			children = (
				F6AA026C1EB1C7A000FA9D09 /* Collection_View_Flow_LayoutTests.swift */,
				F6AA026E1EB1C7A000FA9D09 /* Info.plist */,
			);
			path = "Collection View Flow LayoutTests";
			sourceTree = "<group>";
		};
		F6AA02761EB1C7A000FA9D09 /* Collection View Flow LayoutUITests */ = {
			isa = PBXGroup;
			children = (
				F6AA02771EB1C7A000FA9D09 /* Collection_View_Flow_LayoutUITests.swift */,
				F6AA02791EB1C7A000FA9D09 /* Info.plist */,
			);
			path = "Collection View Flow LayoutUITests";
			sourceTree = "<group>";
		};
/* End PBXGroup section */

/* Begin PBXNativeTarget section */
		F6AA02531EB1C7A000FA9D09 /* Collection View Flow Layout */ = {
			isa = PBXNativeTarget;
			buildConfigurationList = F6AA027C1EB1C7A000FA9D09 /* Build configuration list for PBXNativeTarget "Collection View Flow Layout" */;
			buildPhases = (
				F6AA02501EB1C7A000FA9D09 /* Sources */,
				F6AA02511EB1C7A000FA9D09 /* Frameworks */,
				F6AA02521EB1C7A000FA9D09 /* Resources */,
			);
			buildRules = (
			);
			dependencies = (
			);
			name = "Collection View Flow Layout";
			productName = "Collection View Flow Layout";
			productReference = F6AA02541EB1C7A000FA9D09 /* Collection View Flow Layout.app */;
			productType = "com.apple.product-type.application";
		};
		F6AA02671EB1C7A000FA9D09 /* Collection View Flow LayoutTests */ = {
			isa = PBXNativeTarget;
			buildConfigurationList = F6AA027F1EB1C7A000FA9D09 /* Build configuration list for PBXNativeTarget "Collection View Flow LayoutTests" */;
			buildPhases = (
				F6AA02641EB1C7A000FA9D09 /* Sources */,
				F6AA02651EB1C7A000FA9D09 /* Frameworks */,
				F6AA02661EB1C7A000FA9D09 /* Resources */,
			);
			buildRules = (
			);
			dependencies = (
				F6AA026A1EB1C7A000FA9D09 /* PBXTargetDependency */,
			);
			name = "Collection View Flow LayoutTests";
			productName = "Collection View Flow LayoutTests";
			productReference = F6AA02681EB1C7A000FA9D09 /* Collection View Flow LayoutTests.xctest */;
			productType = "com.apple.product-type.bundle.unit-test";
		};
		F6AA02721EB1C7A000FA9D09 /* Collection View Flow LayoutUITests */ = {
			isa = PBXNativeTarget;
			buildConfigurationList = F6AA02821EB1C7A000FA9D09 /* Build configuration list for PBXNativeTarget "Collection View Flow LayoutUITests" */;
			buildPhases = (
				F6AA026F1EB1C7A000FA9D09 /* Sources */,
				F6AA02701EB1C7A000FA9D09 /* Frameworks */,
				F6AA02711EB1C7A000FA9D09 /* Resources */,
			);
			buildRules = (
			);
			dependencies = (
				F6AA02751EB1C7A000FA9D09 /* PBXTargetDependency */,
			);
			name = "Collection View Flow LayoutUITests";
			productName = "Collection View Flow LayoutUITests";
			productReference = F6AA02731EB1C7A000FA9D09 /* Collection View Flow LayoutUITests.xctest */;
			productType = "com.apple.product-type.bundle.ui-testing";
		};
/* End PBXNativeTarget section */

/* Begin PBXProject section */
		F6AA024C1EB1C79F00FA9D09 /* Project object */ = {
			isa = PBXProject;
			attributes = {
				LastSwiftUpdateCheck = 0830;
				LastUpgradeCheck = 0830;
				ORGANIZATIONNAME = Huy;
				TargetAttributes = {
					F6AA02531EB1C7A000FA9D09 = {
						CreatedOnToolsVersion = 8.3.2;
						ProvisioningStyle = Automatic;
					};
					F6AA02671EB1C7A000FA9D09 = {
						CreatedOnToolsVersion = 8.3.2;
						ProvisioningStyle = Automatic;
						TestTargetID = F6AA02531EB1C7A000FA9D09;
					};
					F6AA02721EB1C7A000FA9D09 = {
						CreatedOnToolsVersion = 8.3.2;
						ProvisioningStyle = Automatic;
						TestTargetID = F6AA02531EB1C7A000FA9D09;
					};
				};
			};
			buildConfigurationList = F6AA024F1EB1C79F00FA9D09 /* Build configuration list for PBXProject "Collection View Flow Layout" */;
			compatibilityVersion = "Xcode 3.2";
			developmentRegion = English;
			hasScannedForEncodings = 0;
			knownRegions = (
				en,
				Base,
			);
			mainGroup = F6AA024B1EB1C79F00FA9D09;
			productRefGroup = F6AA02551EB1C7A000FA9D09 /* Products */;
			projectDirPath = "";
			projectRoot = "";
			targets = (
				F6AA02531EB1C7A000FA9D09 /* Collection View Flow Layout */,
				F6AA02671EB1C7A000FA9D09 /* Collection View Flow LayoutTests */,
				F6AA02721EB1C7A000FA9D09 /* Collection View Flow LayoutUITests */,
			);
		};
/* End PBXProject section */

/* Begin PBXResourcesBuildPhase section */
		F6AA02521EB1C7A000FA9D09 /* Resources */ = {
			isa = PBXResourcesBuildPhase;
			buildActionMask = 2147483647;
			files = (
				F6AA02621EB1C7A000FA9D09 /* LaunchScreen.storyboard in Resources */,
				F6AA025F1EB1C7A000FA9D09 /* Images.xcassets in Resources */,
				F6AA025D1EB1C7A000FA9D09 /* Main.storyboard in Resources */,
				F6AA028C1EB1D1DC00FA9D09 /* items.plist in Resources */,
			);
			runOnlyForDeploymentPostprocessing = 0;
		};
		F6AA02661EB1C7A000FA9D09 /* Resources */ = {
			isa = PBXResourcesBuildPhase;
			buildActionMask = 2147483647;
			files = (
			);
			runOnlyForDeploymentPostprocessing = 0;
		};
		F6AA02711EB1C7A000FA9D09 /* Resources */ = {
			isa = PBXResourcesBuildPhase;
			buildActionMask = 2147483647;
			files = (
			);
			runOnlyForDeploymentPostprocessing = 0;
		};
/* End PBXResourcesBuildPhase section */

/* Begin PBXSourcesBuildPhase section */
		F6AA02501EB1C7A000FA9D09 /* Sources */ = {
			isa = PBXSourcesBuildPhase;
			buildActionMask = 2147483647;
			files = (
				F6AA028A1EB1CBE600FA9D09 /* GalleryItem.swift in Sources */,
				F6AA02881EB1C99D00FA9D09 /* GalleryItemCollectionViewCell.swift in Sources */,
				F6AA025A1EB1C7A000FA9D09 /* ViewController.swift in Sources */,
				F6AA02581EB1C7A000FA9D09 /* AppDelegate.swift in Sources */,
				F6AA02861EB1C8ED00FA9D09 /* GalleryItemCommentView.swift in Sources */,
			);
			runOnlyForDeploymentPostprocessing = 0;
		};
		F6AA02641EB1C7A000FA9D09 /* Sources */ = {
			isa = PBXSourcesBuildPhase;
			buildActionMask = 2147483647;
			files = (
				F6AA026D1EB1C7A000FA9D09 /* Collection_View_Flow_LayoutTests.swift in Sources */,
			);
			runOnlyForDeploymentPostprocessing = 0;
		};
		F6AA026F1EB1C7A000FA9D09 /* Sources */ = {
			isa = PBXSourcesBuildPhase;
			buildActionMask = 2147483647;
			files = (
				F6AA02781EB1C7A000FA9D09 /* Collection_View_Flow_LayoutUITests.swift in Sources */,
			);
			runOnlyForDeploymentPostprocessing = 0;
		};
/* End PBXSourcesBuildPhase section */

/* Begin PBXTargetDependency section */
		F6AA026A1EB1C7A000FA9D09 /* PBXTargetDependency */ = {
			isa = PBXTargetDependency;
			target = F6AA02531EB1C7A000FA9D09 /* Collection View Flow Layout */;
			targetProxy = F6AA02691EB1C7A000FA9D09 /* PBXContainerItemProxy */;
		};
		F6AA02751EB1C7A000FA9D09 /* PBXTargetDependency */ = {
			isa = PBXTargetDependency;
			target = F6AA02531EB1C7A000FA9D09 /* Collection View Flow Layout */;
			targetProxy = F6AA02741EB1C7A000FA9D09 /* PBXContainerItemProxy */;
		};
/* End PBXTargetDependency section */

/* Begin PBXVariantGroup section */
		F6AA025B1EB1C7A000FA9D09 /* Main.storyboard */ = {
			isa = PBXVariantGroup;
			children = (
				F6AA025C1EB1C7A000FA9D09 /* Base */,
			);
			name = Main.storyboard;
			sourceTree = "<group>";
		};
		F6AA02601EB1C7A000FA9D09 /* LaunchScreen.storyboard */ = {
			isa = PBXVariantGroup;
			children = (
				F6AA02611EB1C7A000FA9D09 /* Base */,
			);
			name = LaunchScreen.storyboard;
			sourceTree = "<group>";
		};
/* End PBXVariantGroup section */

/* Begin XCBuildConfiguration section */
		F6AA027A1EB1C7A000FA9D09 /* Debug */ = {
			isa = XCBuildConfiguration;
			buildSettings = {
				ALWAYS_SEARCH_USER_PATHS = NO;
				CLANG_ANALYZER_NONNULL = YES;
				CLANG_ANALYZER_NUMBER_OBJECT_CONVERSION = YES_AGGRESSIVE;
				CLANG_CXX_LANGUAGE_STANDARD = "gnu++0x";
				CLANG_CXX_LIBRARY = "libc++";
				CLANG_ENABLE_MODULES = YES;
				CLANG_ENABLE_OBJC_ARC = YES;
				CLANG_WARN_BOOL_CONVERSION = YES;
				CLANG_WARN_CONSTANT_CONVERSION = YES;
				CLANG_WARN_DIRECT_OBJC_ISA_USAGE = YES_ERROR;
				CLANG_WARN_DOCUMENTATION_COMMENTS = YES;
				CLANG_WARN_EMPTY_BODY = YES;
				CLANG_WARN_ENUM_CONVERSION = YES;
				CLANG_WARN_INFINITE_RECURSION = YES;
				CLANG_WARN_INT_CONVERSION = YES;
				CLANG_WARN_OBJC_ROOT_CLASS = YES_ERROR;
				CLANG_WARN_SUSPICIOUS_MOVE = YES;
				CLANG_WARN_UNREACHABLE_CODE = YES;
				CLANG_WARN__DUPLICATE_METHOD_MATCH = YES;
				"CODE_SIGN_IDENTITY[sdk=iphoneos*]" = "iPhone Developer";
				COPY_PHASE_STRIP = NO;
				DEBUG_INFORMATION_FORMAT = dwarf;
				ENABLE_STRICT_OBJC_MSGSEND = YES;
				ENABLE_TESTABILITY = YES;
				GCC_C_LANGUAGE_STANDARD = gnu99;
				GCC_DYNAMIC_NO_PIC = NO;
				GCC_NO_COMMON_BLOCKS = YES;
				GCC_OPTIMIZATION_LEVEL = 0;
				GCC_PREPROCESSOR_DEFINITIONS = (
					"DEBUG=1",
					"$(inherited)",
				);
				GCC_WARN_64_TO_32_BIT_CONVERSION = YES;
				GCC_WARN_ABOUT_RETURN_TYPE = YES_ERROR;
				GCC_WARN_UNDECLARED_SELECTOR = YES;
				GCC_WARN_UNINITIALIZED_AUTOS = YES_AGGRESSIVE;
				GCC_WARN_UNUSED_FUNCTION = YES;
				GCC_WARN_UNUSED_VARIABLE = YES;
				IPHONEOS_DEPLOYMENT_TARGET = 10.3;
				MTL_ENABLE_DEBUG_INFO = YES;
				ONLY_ACTIVE_ARCH = YES;
				SDKROOT = iphoneos;
				SWIFT_ACTIVE_COMPILATION_CONDITIONS = DEBUG;
				SWIFT_OPTIMIZATION_LEVEL = "-Onone";
				TARGETED_DEVICE_FAMILY = "1,2";
			};
			name = Debug;
		};
		F6AA027B1EB1C7A000FA9D09 /* Release */ = {
			isa = XCBuildConfiguration;
			buildSettings = {
				ALWAYS_SEARCH_USER_PATHS = NO;
				CLANG_ANALYZER_NONNULL = YES;
				CLANG_ANALYZER_NUMBER_OBJECT_CONVERSION = YES_AGGRESSIVE;
				CLANG_CXX_LANGUAGE_STANDARD = "gnu++0x";
				CLANG_CXX_LIBRARY = "libc++";
				CLANG_ENABLE_MODULES = YES;
				CLANG_ENABLE_OBJC_ARC = YES;
				CLANG_WARN_BOOL_CONVERSION = YES;
				CLANG_WARN_CONSTANT_CONVERSION = YES;
				CLANG_WARN_DIRECT_OBJC_ISA_USAGE = YES_ERROR;
				CLANG_WARN_DOCUMENTATION_COMMENTS = YES;
				CLANG_WARN_EMPTY_BODY = YES;
				CLANG_WARN_ENUM_CONVERSION = YES;
				CLANG_WARN_INFINITE_RECURSION = YES;
				CLANG_WARN_INT_CONVERSION = YES;
				CLANG_WARN_OBJC_ROOT_CLASS = YES_ERROR;
				CLANG_WARN_SUSPICIOUS_MOVE = YES;
				CLANG_WARN_UNREACHABLE_CODE = YES;
				CLANG_WARN__DUPLICATE_METHOD_MATCH = YES;
				"CODE_SIGN_IDENTITY[sdk=iphoneos*]" = "iPhone Developer";
				COPY_PHASE_STRIP = NO;
				DEBUG_INFORMATION_FORMAT = "dwarf-with-dsym";
				ENABLE_NS_ASSERTIONS = NO;
				ENABLE_STRICT_OBJC_MSGSEND = YES;
				GCC_C_LANGUAGE_STANDARD = gnu99;
				GCC_NO_COMMON_BLOCKS = YES;
				GCC_WARN_64_TO_32_BIT_CONVERSION = YES;
				GCC_WARN_ABOUT_RETURN_TYPE = YES_ERROR;
				GCC_WARN_UNDECLARED_SELECTOR = YES;
				GCC_WARN_UNINITIALIZED_AUTOS = YES_AGGRESSIVE;
				GCC_WARN_UNUSED_FUNCTION = YES;
				GCC_WARN_UNUSED_VARIABLE = YES;
				IPHONEOS_DEPLOYMENT_TARGET = 10.3;
				MTL_ENABLE_DEBUG_INFO = NO;
				SDKROOT = iphoneos;
				SWIFT_OPTIMIZATION_LEVEL = "-Owholemodule";
				TARGETED_DEVICE_FAMILY = "1,2";
				VALIDATE_PRODUCT = YES;
			};
			name = Release;
		};
		F6AA027D1EB1C7A000FA9D09 /* Debug */ = {
			isa = XCBuildConfiguration;
			buildSettings = {
				ASSETCATALOG_COMPILER_APPICON_NAME = AppIcon;
				INFOPLIST_FILE = "Collection View Flow Layout/Info.plist";
				LD_RUNPATH_SEARCH_PATHS = "$(inherited) @executable_path/Frameworks";
				PRODUCT_BUNDLE_IDENTIFIER = "Huy.Collection-View-Flow-Layout";
				PRODUCT_NAME = "$(TARGET_NAME)";
				SWIFT_VERSION = 3.0;
			};
			name = Debug;
		};
		F6AA027E1EB1C7A000FA9D09 /* Release */ = {
			isa = XCBuildConfiguration;
			buildSettings = {
				ASSETCATALOG_COMPILER_APPICON_NAME = AppIcon;
				INFOPLIST_FILE = "Collection View Flow Layout/Info.plist";
				LD_RUNPATH_SEARCH_PATHS = "$(inherited) @executable_path/Frameworks";
				PRODUCT_BUNDLE_IDENTIFIER = "Huy.Collection-View-Flow-Layout";
				PRODUCT_NAME = "$(TARGET_NAME)";
				SWIFT_VERSION = 3.0;
			};
			name = Release;
		};
		F6AA02801EB1C7A000FA9D09 /* Debug */ = {
			isa = XCBuildConfiguration;
			buildSettings = {
				ALWAYS_EMBED_SWIFT_STANDARD_LIBRARIES = YES;
				BUNDLE_LOADER = "$(TEST_HOST)";
				INFOPLIST_FILE = "Collection View Flow LayoutTests/Info.plist";
				LD_RUNPATH_SEARCH_PATHS = "$(inherited) @executable_path/Frameworks @loader_path/Frameworks";
				PRODUCT_BUNDLE_IDENTIFIER = "Huy.Collection-View-Flow-LayoutTests";
				PRODUCT_NAME = "$(TARGET_NAME)";
				SWIFT_VERSION = 3.0;
				TEST_HOST = "$(BUILT_PRODUCTS_DIR)/Collection View Flow Layout.app/Collection View Flow Layout";
			};
			name = Debug;
		};
		F6AA02811EB1C7A000FA9D09 /* Release */ = {
			isa = XCBuildConfiguration;
			buildSettings = {
				ALWAYS_EMBED_SWIFT_STANDARD_LIBRARIES = YES;
				BUNDLE_LOADER = "$(TEST_HOST)";
				INFOPLIST_FILE = "Collection View Flow LayoutTests/Info.plist";
				LD_RUNPATH_SEARCH_PATHS = "$(inherited) @executable_path/Frameworks @loader_path/Frameworks";
				PRODUCT_BUNDLE_IDENTIFIER = "Huy.Collection-View-Flow-LayoutTests";
				PRODUCT_NAME = "$(TARGET_NAME)";
				SWIFT_VERSION = 3.0;
				TEST_HOST = "$(BUILT_PRODUCTS_DIR)/Collection View Flow Layout.app/Collection View Flow Layout";
			};
			name = Release;
		};
		F6AA02831EB1C7A000FA9D09 /* Debug */ = {
			isa = XCBuildConfiguration;
			buildSettings = {
				ALWAYS_EMBED_SWIFT_STANDARD_LIBRARIES = YES;
				INFOPLIST_FILE = "Collection View Flow LayoutUITests/Info.plist";
				LD_RUNPATH_SEARCH_PATHS = "$(inherited) @executable_path/Frameworks @loader_path/Frameworks";
				PRODUCT_BUNDLE_IDENTIFIER = "Huy.Collection-View-Flow-LayoutUITests";
				PRODUCT_NAME = "$(TARGET_NAME)";
				SWIFT_VERSION = 3.0;
				TEST_TARGET_NAME = "Collection View Flow Layout";
			};
			name = Debug;
		};
		F6AA02841EB1C7A000FA9D09 /* Release */ = {
			isa = XCBuildConfiguration;
			buildSettings = {
				ALWAYS_EMBED_SWIFT_STANDARD_LIBRARIES = YES;
				INFOPLIST_FILE = "Collection View Flow LayoutUITests/Info.plist";
				LD_RUNPATH_SEARCH_PATHS = "$(inherited) @executable_path/Frameworks @loader_path/Frameworks";
				PRODUCT_BUNDLE_IDENTIFIER = "Huy.Collection-View-Flow-LayoutUITests";
				PRODUCT_NAME = "$(TARGET_NAME)";
				SWIFT_VERSION = 3.0;
				TEST_TARGET_NAME = "Collection View Flow Layout";
			};
			name = Release;
		};
/* End XCBuildConfiguration section */

/* Begin XCConfigurationList section */
		F6AA024F1EB1C79F00FA9D09 /* Build configuration list for PBXProject "Collection View Flow Layout" */ = {
			isa = XCConfigurationList;
			buildConfigurations = (
				F6AA027A1EB1C7A000FA9D09 /* Debug */,
				F6AA027B1EB1C7A000FA9D09 /* Release */,
			);
			defaultConfigurationIsVisible = 0;
			defaultConfigurationName = Release;
		};
		F6AA027C1EB1C7A000FA9D09 /* Build configuration list for PBXNativeTarget "Collection View Flow Layout" */ = {
			isa = XCConfigurationList;
			buildConfigurations = (
				F6AA027D1EB1C7A000FA9D09 /* Debug */,
				F6AA027E1EB1C7A000FA9D09 /* Release */,
			);
			defaultConfigurationIsVisible = 0;
		};
		F6AA027F1EB1C7A000FA9D09 /* Build configuration list for PBXNativeTarget "Collection View Flow LayoutTests" */ = {
			isa = XCConfigurationList;
			buildConfigurations = (
				F6AA02801EB1C7A000FA9D09 /* Debug */,
				F6AA02811EB1C7A000FA9D09 /* Release */,
			);
			defaultConfigurationIsVisible = 0;
		};
		F6AA02821EB1C7A000FA9D09 /* Build configuration list for PBXNativeTarget "Collection View Flow LayoutUITests" */ = {
			isa = XCConfigurationList;
			buildConfigurations = (
				F6AA02831EB1C7A000FA9D09 /* Debug */,
				F6AA02841EB1C7A000FA9D09 /* Release */,
			);
			defaultConfigurationIsVisible = 0;
		};
/* End XCConfigurationList section */
	};
	rootObject = F6AA024C1EB1C79F00FA9D09 /* Project object */;
}
